
Microsoft Visual Studio Solution File, Format Version 12.00
# Visual Studio Version 16
VisualStudioVersion = 16.0.31112.23
MinimumVisualStudioVersion = 10.0.40219.1
Project("{FAE04EC0-301F-11D3-BF4B-00C04F79EFBC}") = "olio ohjelmointi perusteet", "olio ohjelmointi perusteet\olio ohjelmointi perusteet.csproj", "{72E8E849-0B8C-43A1-A600-66633A91FAA7}"
EndProject
Global
	GlobalSection(SolutionConfigurationPlatforms) = preSolution
		Debug|Any CPU = Debug|Any CPU
		Release|Any CPU = Release|Any CPU
	EndGlobalSection
	GlobalSection(ProjectConfigurationPlatforms) = postSolution
		{72E8E849-0B8C-43A1-A600-66633A91FAA7}.Debug|Any CPU.ActiveCfg = Debug|Any CPU
		{72E8E849-0B8C-43A1-A600-66633A91FAA7}.Debug|Any CPU.Build.0 = Debug|Any CPU
		{72E8E849-0B8C-43A1-A600-66633A91FAA7}.Release|Any CPU.ActiveCfg = Release|Any CPU
		{72E8E849-0B8C-43A1-A600-66633A91FAA7}.Release|Any CPU.Build.0 = Release|Any CPU
	EndGlobalSection
	GlobalSection(SolutionProperties) = preSolution
		HideSolutionNode = FALSE
	EndGlobalSection
	GlobalSection(ExtensibilityGlobals) = postSolution
		SolutionGuid = {1F2FF3D2-0F92-43DC-A44B-DE929A11081B}
	EndGlobalSection
EndGlobal
