
Microsoft Visual Studio Solution File, Format Version 12.00
# Visual Studio Version 16
VisualStudioVersion = 16.0.33027.164
MinimumVisualStudioVersion = 10.0.40219.1
Project("{FAE04EC0-301F-11D3-BF4B-00C04F79EFBC}") = "Tehtävä 34 C Poista kirjaimia alusta ja lopusta", "Tehtävä 34 C Poista kirjaimia alusta ja lopusta\Tehtävä 34 C Poista kirjaimia alusta ja lopusta.csproj", "{6CE4B159-3577-48B6-95FD-2F8792DCAE0D}"
EndProject
Global
	GlobalSection(SolutionConfigurationPlatforms) = preSolution
		Debug|Any CPU = Debug|Any CPU
		Release|Any CPU = Release|Any CPU
	EndGlobalSection
	GlobalSection(ProjectConfigurationPlatforms) = postSolution
		{6CE4B159-3577-48B6-95FD-2F8792DCAE0D}.Debug|Any CPU.ActiveCfg = Debug|Any CPU
		{6CE4B159-3577-48B6-95FD-2F8792DCAE0D}.Debug|Any CPU.Build.0 = Debug|Any CPU
		{6CE4B159-3577-48B6-95FD-2F8792DCAE0D}.Release|Any CPU.ActiveCfg = Release|Any CPU
		{6CE4B159-3577-48B6-95FD-2F8792DCAE0D}.Release|Any CPU.Build.0 = Release|Any CPU
	EndGlobalSection
	GlobalSection(SolutionProperties) = preSolution
		HideSolutionNode = FALSE
	EndGlobalSection
	GlobalSection(ExtensibilityGlobals) = postSolution
		SolutionGuid = {A0D7CA61-E4A2-46EE-B04E-EE156955DE98}
	EndGlobalSection
EndGlobal
