
Microsoft Visual Studio Solution File, Format Version 12.00
# Visual Studio Version 16
VisualStudioVersion = 16.0.33423.256
MinimumVisualStudioVersion = 10.0.40219.1
Project("{FAE04EC0-301F-11D3-BF4B-00C04F79EFBC}") = "Tehtävä 14", "Tehtävä 14\Tehtävä 14.csproj", "{ED6F1CDE-D762-4D99-A898-C6C74607A7DF}"
EndProject
Global
	GlobalSection(SolutionConfigurationPlatforms) = preSolution
		Debug|Any CPU = Debug|Any CPU
		Release|Any CPU = Release|Any CPU
	EndGlobalSection
	GlobalSection(ProjectConfigurationPlatforms) = postSolution
		{ED6F1CDE-D762-4D99-A898-C6C74607A7DF}.Debug|Any CPU.ActiveCfg = Debug|Any CPU
		{ED6F1CDE-D762-4D99-A898-C6C74607A7DF}.Debug|Any CPU.Build.0 = Debug|Any CPU
		{ED6F1CDE-D762-4D99-A898-C6C74607A7DF}.Release|Any CPU.ActiveCfg = Release|Any CPU
		{ED6F1CDE-D762-4D99-A898-C6C74607A7DF}.Release|Any CPU.Build.0 = Release|Any CPU
	EndGlobalSection
	GlobalSection(SolutionProperties) = preSolution
		HideSolutionNode = FALSE
	EndGlobalSection
	GlobalSection(ExtensibilityGlobals) = postSolution
		SolutionGuid = {5E0EE98A-0B84-4C3F-9CFD-4A129CBD3D66}
	EndGlobalSection
EndGlobal
