
Microsoft Visual Studio Solution File, Format Version 12.00
# Visual Studio Version 16
VisualStudioVersion = 16.0.33214.272
MinimumVisualStudioVersion = 10.0.40219.1
Project("{FAE04EC0-301F-11D3-BF4B-00C04F79EFBC}") = "CodeWars - Invert values", "CodeWars - Invert values\CodeWars - Invert values.csproj", "{B0812F90-AACF-4F5A-B8F8-AA21F5DB041D}"
EndProject
Global
	GlobalSection(SolutionConfigurationPlatforms) = preSolution
		Debug|Any CPU = Debug|Any CPU
		Release|Any CPU = Release|Any CPU
	EndGlobalSection
	GlobalSection(ProjectConfigurationPlatforms) = postSolution
		{B0812F90-AACF-4F5A-B8F8-AA21F5DB041D}.Debug|Any CPU.ActiveCfg = Debug|Any CPU
		{B0812F90-AACF-4F5A-B8F8-AA21F5DB041D}.Debug|Any CPU.Build.0 = Debug|Any CPU
		{B0812F90-AACF-4F5A-B8F8-AA21F5DB041D}.Release|Any CPU.ActiveCfg = Release|Any CPU
		{B0812F90-AACF-4F5A-B8F8-AA21F5DB041D}.Release|Any CPU.Build.0 = Release|Any CPU
	EndGlobalSection
	GlobalSection(SolutionProperties) = preSolution
		HideSolutionNode = FALSE
	EndGlobalSection
	GlobalSection(ExtensibilityGlobals) = postSolution
		SolutionGuid = {2CA45614-7713-4B5C-BA72-CD7B17B10929}
	EndGlobalSection
EndGlobal
