
Microsoft Visual Studio Solution File, Format Version 12.00
# Visual Studio Version 16
VisualStudioVersion = 16.0.33027.164
MinimumVisualStudioVersion = 10.0.40219.1
Project("{FAE04EC0-301F-11D3-BF4B-00C04F79EFBC}") = "34B C Vokaalit taulukkoon", "34B C Vokaalit taulukkoon\34B C Vokaalit taulukkoon.csproj", "{BAA5FCCA-1E69-493F-80A8-01166ADF055F}"
EndProject
Global
	GlobalSection(SolutionConfigurationPlatforms) = preSolution
		Debug|Any CPU = Debug|Any CPU
		Release|Any CPU = Release|Any CPU
	EndGlobalSection
	GlobalSection(ProjectConfigurationPlatforms) = postSolution
		{BAA5FCCA-1E69-493F-80A8-01166ADF055F}.Debug|Any CPU.ActiveCfg = Debug|Any CPU
		{BAA5FCCA-1E69-493F-80A8-01166ADF055F}.Debug|Any CPU.Build.0 = Debug|Any CPU
		{BAA5FCCA-1E69-493F-80A8-01166ADF055F}.Release|Any CPU.ActiveCfg = Release|Any CPU
		{BAA5FCCA-1E69-493F-80A8-01166ADF055F}.Release|Any CPU.Build.0 = Release|Any CPU
	EndGlobalSection
	GlobalSection(SolutionProperties) = preSolution
		HideSolutionNode = FALSE
	EndGlobalSection
	GlobalSection(ExtensibilityGlobals) = postSolution
		SolutionGuid = {416C3D1B-EC95-4DFC-9DA1-B908217D257F}
	EndGlobalSection
EndGlobal
