
Microsoft Visual Studio Solution File, Format Version 12.00
# Visual Studio Version 16
VisualStudioVersion = 16.0.31112.23
MinimumVisualStudioVersion = 10.0.40219.1
Project("{FAE04EC0-301F-11D3-BF4B-00C04F79EFBC}") = "CodeWars  Kuutio tehtävä Funktio tehtävä", "CodeWars  Kuutio tehtävä Funktio tehtävä\CodeWars  Kuutio tehtävä Funktio tehtävä.csproj", "{500A223F-AAB6-44C9-93A1-0FC796CE8A3C}"
EndProject
Global
	GlobalSection(SolutionConfigurationPlatforms) = preSolution
		Debug|Any CPU = Debug|Any CPU
		Release|Any CPU = Release|Any CPU
	EndGlobalSection
	GlobalSection(ProjectConfigurationPlatforms) = postSolution
		{500A223F-AAB6-44C9-93A1-0FC796CE8A3C}.Debug|Any CPU.ActiveCfg = Debug|Any CPU
		{500A223F-AAB6-44C9-93A1-0FC796CE8A3C}.Debug|Any CPU.Build.0 = Debug|Any CPU
		{500A223F-AAB6-44C9-93A1-0FC796CE8A3C}.Release|Any CPU.ActiveCfg = Release|Any CPU
		{500A223F-AAB6-44C9-93A1-0FC796CE8A3C}.Release|Any CPU.Build.0 = Release|Any CPU
	EndGlobalSection
	GlobalSection(SolutionProperties) = preSolution
		HideSolutionNode = FALSE
	EndGlobalSection
	GlobalSection(ExtensibilityGlobals) = postSolution
		SolutionGuid = {B57FC845-BFEB-4C7F-BBF9-F90B69EF4683}
	EndGlobalSection
EndGlobal
