
Microsoft Visual Studio Solution File, Format Version 12.00
# Visual Studio Version 16
VisualStudioVersion = 16.0.33027.164
MinimumVisualStudioVersion = 10.0.40219.1
Project("{FAE04EC0-301F-11D3-BF4B-00C04F79EFBC}") = "Tehtävä 33 merkkien tulostus", "Tehtävä 33 merkkien tulostus\Tehtävä 33 merkkien tulostus.csproj", "{873B4F6E-AE8A-497F-B01B-D025A9417E9F}"
EndProject
Global
	GlobalSection(SolutionConfigurationPlatforms) = preSolution
		Debug|Any CPU = Debug|Any CPU
		Release|Any CPU = Release|Any CPU
	EndGlobalSection
	GlobalSection(ProjectConfigurationPlatforms) = postSolution
		{873B4F6E-AE8A-497F-B01B-D025A9417E9F}.Debug|Any CPU.ActiveCfg = Debug|Any CPU
		{873B4F6E-AE8A-497F-B01B-D025A9417E9F}.Debug|Any CPU.Build.0 = Debug|Any CPU
		{873B4F6E-AE8A-497F-B01B-D025A9417E9F}.Release|Any CPU.ActiveCfg = Release|Any CPU
		{873B4F6E-AE8A-497F-B01B-D025A9417E9F}.Release|Any CPU.Build.0 = Release|Any CPU
	EndGlobalSection
	GlobalSection(SolutionProperties) = preSolution
		HideSolutionNode = FALSE
	EndGlobalSection
	GlobalSection(ExtensibilityGlobals) = postSolution
		SolutionGuid = {1F2534B1-7661-4E2D-92BB-23F020D46034}
	EndGlobalSection
EndGlobal
