
Microsoft Visual Studio Solution File, Format Version 12.00
# Visual Studio Version 16
VisualStudioVersion = 16.0.31112.23
MinimumVisualStudioVersion = 10.0.40219.1
Project("{FAE04EC0-301F-11D3-BF4B-00C04F79EFBC}") = "Iän tarkastus", "Iän tarkastus\Iän tarkastus.csproj", "{1DA93AF5-EC24-49D7-BBC1-0630F9973C95}"
EndProject
Global
	GlobalSection(SolutionConfigurationPlatforms) = preSolution
		Debug|Any CPU = Debug|Any CPU
		Release|Any CPU = Release|Any CPU
	EndGlobalSection
	GlobalSection(ProjectConfigurationPlatforms) = postSolution
		{1DA93AF5-EC24-49D7-BBC1-0630F9973C95}.Debug|Any CPU.ActiveCfg = Debug|Any CPU
		{1DA93AF5-EC24-49D7-BBC1-0630F9973C95}.Debug|Any CPU.Build.0 = Debug|Any CPU
		{1DA93AF5-EC24-49D7-BBC1-0630F9973C95}.Release|Any CPU.ActiveCfg = Release|Any CPU
		{1DA93AF5-EC24-49D7-BBC1-0630F9973C95}.Release|Any CPU.Build.0 = Release|Any CPU
	EndGlobalSection
	GlobalSection(SolutionProperties) = preSolution
		HideSolutionNode = FALSE
	EndGlobalSection
	GlobalSection(ExtensibilityGlobals) = postSolution
		SolutionGuid = {3CD3E4A0-C63E-4CE5-8121-0E5414F80AAE}
	EndGlobalSection
EndGlobal
