
Microsoft Visual Studio Solution File, Format Version 12.00
# Visual Studio Version 16
VisualStudioVersion = 16.0.31112.23
MinimumVisualStudioVersion = 10.0.40219.1
Project("{FAE04EC0-301F-11D3-BF4B-00C04F79EFBC}") = "30 Toisto kertymä", "30 Toisto kertymä\30 Toisto kertymä.csproj", "{371D05EB-59BE-4FC6-9395-86CC87E71DF1}"
EndProject
Global
	GlobalSection(SolutionConfigurationPlatforms) = preSolution
		Debug|Any CPU = Debug|Any CPU
		Release|Any CPU = Release|Any CPU
	EndGlobalSection
	GlobalSection(ProjectConfigurationPlatforms) = postSolution
		{371D05EB-59BE-4FC6-9395-86CC87E71DF1}.Debug|Any CPU.ActiveCfg = Debug|Any CPU
		{371D05EB-59BE-4FC6-9395-86CC87E71DF1}.Debug|Any CPU.Build.0 = Debug|Any CPU
		{371D05EB-59BE-4FC6-9395-86CC87E71DF1}.Release|Any CPU.ActiveCfg = Release|Any CPU
		{371D05EB-59BE-4FC6-9395-86CC87E71DF1}.Release|Any CPU.Build.0 = Release|Any CPU
	EndGlobalSection
	GlobalSection(SolutionProperties) = preSolution
		HideSolutionNode = FALSE
	EndGlobalSection
	GlobalSection(ExtensibilityGlobals) = postSolution
		SolutionGuid = {39E21A23-6A8A-4E20-9BD4-F53E303C8F66}
	EndGlobalSection
EndGlobal
