
Microsoft Visual Studio Solution File, Format Version 12.00
# Visual Studio Version 16
VisualStudioVersion = 16.0.31112.23
MinimumVisualStudioVersion = 10.0.40219.1
Project("{FAE04EC0-301F-11D3-BF4B-00C04F79EFBC}") = "Myyntihinnan laskeminen", "Myyntihinnan laskeminen\Myyntihinnan laskeminen.csproj", "{37C027C8-F4F5-4048-958C-74FCFA6AEFCA}"
EndProject
Global
	GlobalSection(SolutionConfigurationPlatforms) = preSolution
		Debug|Any CPU = Debug|Any CPU
		Release|Any CPU = Release|Any CPU
	EndGlobalSection
	GlobalSection(ProjectConfigurationPlatforms) = postSolution
		{37C027C8-F4F5-4048-958C-74FCFA6AEFCA}.Debug|Any CPU.ActiveCfg = Debug|Any CPU
		{37C027C8-F4F5-4048-958C-74FCFA6AEFCA}.Debug|Any CPU.Build.0 = Debug|Any CPU
		{37C027C8-F4F5-4048-958C-74FCFA6AEFCA}.Release|Any CPU.ActiveCfg = Release|Any CPU
		{37C027C8-F4F5-4048-958C-74FCFA6AEFCA}.Release|Any CPU.Build.0 = Release|Any CPU
	EndGlobalSection
	GlobalSection(SolutionProperties) = preSolution
		HideSolutionNode = FALSE
	EndGlobalSection
	GlobalSection(ExtensibilityGlobals) = postSolution
		SolutionGuid = {580FF150-7650-4981-9723-05D33B25A7F3}
	EndGlobalSection
EndGlobal
