
Microsoft Visual Studio Solution File, Format Version 12.00
# Visual Studio Version 16
VisualStudioVersion = 16.0.31112.23
MinimumVisualStudioVersion = 10.0.40219.1
Project("{FAE04EC0-301F-11D3-BF4B-00C04F79EFBC}") = "Funktio verolaskuri tehtävä", "Funktio verolaskuri tehtävä\Funktio verolaskuri tehtävä.csproj", "{8A12D1D7-359B-4B90-830F-1315872DCBBB}"
EndProject
Global
	GlobalSection(SolutionConfigurationPlatforms) = preSolution
		Debug|Any CPU = Debug|Any CPU
		Release|Any CPU = Release|Any CPU
	EndGlobalSection
	GlobalSection(ProjectConfigurationPlatforms) = postSolution
		{8A12D1D7-359B-4B90-830F-1315872DCBBB}.Debug|Any CPU.ActiveCfg = Debug|Any CPU
		{8A12D1D7-359B-4B90-830F-1315872DCBBB}.Debug|Any CPU.Build.0 = Debug|Any CPU
		{8A12D1D7-359B-4B90-830F-1315872DCBBB}.Release|Any CPU.ActiveCfg = Release|Any CPU
		{8A12D1D7-359B-4B90-830F-1315872DCBBB}.Release|Any CPU.Build.0 = Release|Any CPU
	EndGlobalSection
	GlobalSection(SolutionProperties) = preSolution
		HideSolutionNode = FALSE
	EndGlobalSection
	GlobalSection(ExtensibilityGlobals) = postSolution
		SolutionGuid = {04DBC354-3344-4FA7-9CE8-116E4E8D42CA}
	EndGlobalSection
EndGlobal
